
Microsoft Visual Studio Solution File, Format Version 12.00
# Visual Studio Version 16
VisualStudioVersion = 16.0.33423.256
MinimumVisualStudioVersion = 10.0.40219.1
Project("{FAE04EC0-301F-11D3-BF4B-00C04F79EFBC}") = "SignalR.API", "SignalR.API\SignalR.API.csproj", "{C1F2C5BB-CFBC-4F16-A2EA-B8DE9F8B8D93}"
EndProject
Project("{FAE04EC0-301F-11D3-BF4B-00C04F79EFBC}") = "SignalR.Web", "SignalR.Web\SignalR.Web.csproj", "{35ACE2BE-9ACC-4FF9-9C58-DEA5C61A8B1F}"
EndProject
Global
	GlobalSection(SolutionConfigurationPlatforms) = preSolution
		Debug|Any CPU = Debug|Any CPU
		Release|Any CPU = Release|Any CPU
	EndGlobalSection
	GlobalSection(ProjectConfigurationPlatforms) = postSolution
		{C1F2C5BB-CFBC-4F16-A2EA-B8DE9F8B8D93}.Debug|Any CPU.ActiveCfg = Debug|Any CPU
		{C1F2C5BB-CFBC-4F16-A2EA-B8DE9F8B8D93}.Debug|Any CPU.Build.0 = Debug|Any CPU
		{C1F2C5BB-CFBC-4F16-A2EA-B8DE9F8B8D93}.Release|Any CPU.ActiveCfg = Release|Any CPU
		{C1F2C5BB-CFBC-4F16-A2EA-B8DE9F8B8D93}.Release|Any CPU.Build.0 = Release|Any CPU
		{35ACE2BE-9ACC-4FF9-9C58-DEA5C61A8B1F}.Debug|Any CPU.ActiveCfg = Debug|Any CPU
		{35ACE2BE-9ACC-4FF9-9C58-DEA5C61A8B1F}.Debug|Any CPU.Build.0 = Debug|Any CPU
		{35ACE2BE-9ACC-4FF9-9C58-DEA5C61A8B1F}.Release|Any CPU.ActiveCfg = Release|Any CPU
		{35ACE2BE-9ACC-4FF9-9C58-DEA5C61A8B1F}.Release|Any CPU.Build.0 = Release|Any CPU
	EndGlobalSection
	GlobalSection(SolutionProperties) = preSolution
		HideSolutionNode = FALSE
	EndGlobalSection
	GlobalSection(ExtensibilityGlobals) = postSolution
		SolutionGuid = {E8EC94BA-F904-4E73-AF09-C338530C2A26}
	EndGlobalSection
EndGlobal
